
Microsoft Visual Studio Solution File, Format Version 12.00
# Visual Studio 15
VisualStudioVersion = 15.0.28307.705
MinimumVisualStudioVersion = 10.0.40219.1
Project("{FAE04EC0-301F-11D3-BF4B-00C04F79EFBC}") = "SpotBugHTMLtoPDF", "SpotBugHTMLtoPDF\SpotBugHTMLtoPDF.csproj", "{9AB78F17-1DFD-481C-BAD6-A53B9101F69D}"
EndProject
Global
	GlobalSection(SolutionConfigurationPlatforms) = preSolution
		Debug|Any CPU = Debug|Any CPU
		Release|Any CPU = Release|Any CPU
	EndGlobalSection
	GlobalSection(ProjectConfigurationPlatforms) = postSolution
		{9AB78F17-1DFD-481C-BAD6-A53B9101F69D}.Debug|Any CPU.ActiveCfg = Debug|Any CPU
		{9AB78F17-1DFD-481C-BAD6-A53B9101F69D}.Debug|Any CPU.Build.0 = Debug|Any CPU
		{9AB78F17-1DFD-481C-BAD6-A53B9101F69D}.Release|Any CPU.ActiveCfg = Release|Any CPU
		{9AB78F17-1DFD-481C-BAD6-A53B9101F69D}.Release|Any CPU.Build.0 = Release|Any CPU
	EndGlobalSection
	GlobalSection(SolutionProperties) = preSolution
		HideSolutionNode = FALSE
	EndGlobalSection
	GlobalSection(ExtensibilityGlobals) = postSolution
		SolutionGuid = {36396CDB-DB08-4603-9BAE-8B9D84791F34}
	EndGlobalSection
EndGlobal
